
Microsoft Visual Studio Solution File, Format Version 12.00
# Visual Studio Version 16
VisualStudioVersion = 16.0.31424.327
MinimumVisualStudioVersion = 10.0.40219.1
Project("{2150E333-8FDC-42A3-9474-1A3956D46DE8}") = "src", "src", "{1CCB4204-691A-420A-B594-45F3CF24BC1F}"
EndProject
Project("{2150E333-8FDC-42A3-9474-1A3956D46DE8}") = "tests", "tests", "{A1E43609-2711-4D14-804F-EEEF1D8343D6}"
EndProject
Project("{2150E333-8FDC-42A3-9474-1A3956D46DE8}") = "Web.Client", "Web.Client", "{C149E48D-9C40-4DCE-A1B0-2E5C97A98C1C}"
EndProject
Project("{2150E333-8FDC-42A3-9474-1A3956D46DE8}") = "Web.API", "Web.API", "{8AE06ECD-D981-450E-BCA5-F76EBC86DE56}"
EndProject
Project("{9A19103F-16F7-4668-BE54-9A1E7A4F7556}") = "Alg.API", "Alg.API\Alg.API.csproj", "{71C07981-F166-4B0C-93A6-243E6E83CD26}"
EndProject
Project("{9A19103F-16F7-4668-BE54-9A1E7A4F7556}") = "Alg.Data", "Alg.Data\Alg.Data.csproj", "{BFF8B3D0-1529-4F73-B632-BA4F06B4BF41}"
EndProject
Project("{9A19103F-16F7-4668-BE54-9A1E7A4F7556}") = "Alg.Services", "Alg.Services\Alg.Services.csproj", "{193F979C-456C-4B38-BF73-27C09700DD9C}"
EndProject
Project("{9A19103F-16F7-4668-BE54-9A1E7A4F7556}") = "Alg.Core", "Alg.Core\Alg.Core.csproj", "{F0C0D350-AE04-44C4-96E4-96C58F046F37}"
EndProject
Project("{9A19103F-16F7-4668-BE54-9A1E7A4F7556}") = "ConsoleApp", "Console\ConsoleApp.csproj", "{7F976C5F-D504-4391-84C1-4CAD71D135C7}"
EndProject
Project("{2150E333-8FDC-42A3-9474-1A3956D46DE8}") = "Tests.API", "Tests.API", "{E213732A-F057-4BE6-8635-4A8F416506B7}"
EndProject
Project("{9A19103F-16F7-4668-BE54-9A1E7A4F7556}") = "Services.Tests", "Services.Tests\Services.Tests.csproj", "{CC9ADB1D-BD7B-4F84-9416-F910A24C4AE3}"
EndProject
Project("{FAE04EC0-301F-11D3-BF4B-00C04F79EFBC}") = "Data.Tests", "Data.Tests\Data.Tests.csproj", "{82B1D732-1A96-4590-8931-AC11449CC94D}"
EndProject
Global
	GlobalSection(SolutionConfigurationPlatforms) = preSolution
		Debug|Any CPU = Debug|Any CPU
		Release|Any CPU = Release|Any CPU
	EndGlobalSection
	GlobalSection(ProjectConfigurationPlatforms) = postSolution
		{71C07981-F166-4B0C-93A6-243E6E83CD26}.Debug|Any CPU.ActiveCfg = Debug|Any CPU
		{71C07981-F166-4B0C-93A6-243E6E83CD26}.Debug|Any CPU.Build.0 = Debug|Any CPU
		{71C07981-F166-4B0C-93A6-243E6E83CD26}.Release|Any CPU.ActiveCfg = Release|Any CPU
		{71C07981-F166-4B0C-93A6-243E6E83CD26}.Release|Any CPU.Build.0 = Release|Any CPU
		{BFF8B3D0-1529-4F73-B632-BA4F06B4BF41}.Debug|Any CPU.ActiveCfg = Debug|Any CPU
		{BFF8B3D0-1529-4F73-B632-BA4F06B4BF41}.Debug|Any CPU.Build.0 = Debug|Any CPU
		{BFF8B3D0-1529-4F73-B632-BA4F06B4BF41}.Release|Any CPU.ActiveCfg = Release|Any CPU
		{BFF8B3D0-1529-4F73-B632-BA4F06B4BF41}.Release|Any CPU.Build.0 = Release|Any CPU
		{193F979C-456C-4B38-BF73-27C09700DD9C}.Debug|Any CPU.ActiveCfg = Debug|Any CPU
		{193F979C-456C-4B38-BF73-27C09700DD9C}.Debug|Any CPU.Build.0 = Debug|Any CPU
		{193F979C-456C-4B38-BF73-27C09700DD9C}.Release|Any CPU.ActiveCfg = Release|Any CPU
		{193F979C-456C-4B38-BF73-27C09700DD9C}.Release|Any CPU.Build.0 = Release|Any CPU
		{F0C0D350-AE04-44C4-96E4-96C58F046F37}.Debug|Any CPU.ActiveCfg = Debug|Any CPU
		{F0C0D350-AE04-44C4-96E4-96C58F046F37}.Debug|Any CPU.Build.0 = Debug|Any CPU
		{F0C0D350-AE04-44C4-96E4-96C58F046F37}.Release|Any CPU.ActiveCfg = Release|Any CPU
		{F0C0D350-AE04-44C4-96E4-96C58F046F37}.Release|Any CPU.Build.0 = Release|Any CPU
		{7F976C5F-D504-4391-84C1-4CAD71D135C7}.Debug|Any CPU.ActiveCfg = Debug|Any CPU
		{7F976C5F-D504-4391-84C1-4CAD71D135C7}.Debug|Any CPU.Build.0 = Debug|Any CPU
		{7F976C5F-D504-4391-84C1-4CAD71D135C7}.Release|Any CPU.ActiveCfg = Release|Any CPU
		{7F976C5F-D504-4391-84C1-4CAD71D135C7}.Release|Any CPU.Build.0 = Release|Any CPU
		{CC9ADB1D-BD7B-4F84-9416-F910A24C4AE3}.Debug|Any CPU.ActiveCfg = Debug|Any CPU
		{CC9ADB1D-BD7B-4F84-9416-F910A24C4AE3}.Debug|Any CPU.Build.0 = Debug|Any CPU
		{CC9ADB1D-BD7B-4F84-9416-F910A24C4AE3}.Release|Any CPU.ActiveCfg = Release|Any CPU
		{CC9ADB1D-BD7B-4F84-9416-F910A24C4AE3}.Release|Any CPU.Build.0 = Release|Any CPU
		{82B1D732-1A96-4590-8931-AC11449CC94D}.Debug|Any CPU.ActiveCfg = Debug|Any CPU
		{82B1D732-1A96-4590-8931-AC11449CC94D}.Debug|Any CPU.Build.0 = Debug|Any CPU
		{82B1D732-1A96-4590-8931-AC11449CC94D}.Release|Any CPU.ActiveCfg = Release|Any CPU
		{82B1D732-1A96-4590-8931-AC11449CC94D}.Release|Any CPU.Build.0 = Release|Any CPU
	EndGlobalSection
	GlobalSection(SolutionProperties) = preSolution
		HideSolutionNode = FALSE
	EndGlobalSection
	GlobalSection(NestedProjects) = preSolution
		{C149E48D-9C40-4DCE-A1B0-2E5C97A98C1C} = {1CCB4204-691A-420A-B594-45F3CF24BC1F}
		{8AE06ECD-D981-450E-BCA5-F76EBC86DE56} = {1CCB4204-691A-420A-B594-45F3CF24BC1F}
		{71C07981-F166-4B0C-93A6-243E6E83CD26} = {8AE06ECD-D981-450E-BCA5-F76EBC86DE56}
		{BFF8B3D0-1529-4F73-B632-BA4F06B4BF41} = {8AE06ECD-D981-450E-BCA5-F76EBC86DE56}
		{193F979C-456C-4B38-BF73-27C09700DD9C} = {8AE06ECD-D981-450E-BCA5-F76EBC86DE56}
		{F0C0D350-AE04-44C4-96E4-96C58F046F37} = {8AE06ECD-D981-450E-BCA5-F76EBC86DE56}
		{7F976C5F-D504-4391-84C1-4CAD71D135C7} = {C149E48D-9C40-4DCE-A1B0-2E5C97A98C1C}
		{E213732A-F057-4BE6-8635-4A8F416506B7} = {A1E43609-2711-4D14-804F-EEEF1D8343D6}
		{CC9ADB1D-BD7B-4F84-9416-F910A24C4AE3} = {E213732A-F057-4BE6-8635-4A8F416506B7}
		{82B1D732-1A96-4590-8931-AC11449CC94D} = {E213732A-F057-4BE6-8635-4A8F416506B7}
	EndGlobalSection
	GlobalSection(ExtensibilityGlobals) = postSolution
		SolutionGuid = {B550AD95-F343-4B42-9ACE-DFC776DA7124}
	EndGlobalSection
EndGlobal
